{
  "requires": true,
  "lockfileVersion": 1,
  "dependencies": {
    "@popperjs/core": {
      "version": "2.11.4",
      "resolved": "https://registry.npmjs.org/@popperjs/core/-/core-2.11.4.tgz",
      "integrity": "sha512-q/ytXxO5NKvyT37pmisQAItCFqA7FD/vNb8dgaJy3/630Fsc+Mz9/9f2SziBoIZ30TJooXyTwZmhi1zjXmObYg=="
    },
    "bootstrap": {
      "version": "5.1.3",
      "resolved": "https://registry.npmjs.org/bootstrap/-/bootstrap-5.1.3.tgz",
      "integrity": "sha512-fcQztozJ8jToQWXxVuEyXWW+dSo8AiXWKwiSSrKWsRB/Qt+Ewwza+JWoLKiTuQLaEPhdNAJ7+Dosc9DOIqNy7Q=="
    },
    "dayjs": {
      "version": "1.11.0",
      "resolved": "https://registry.npmjs.org/dayjs/-/dayjs-1.11.0.tgz",
      "integrity": "sha512-JLC809s6Y948/FuCZPm5IX8rRhQwOiyMb2TfVVQEixG7P8Lm/gt5S7yoQZmC8x1UehI9Pb7sksEt4xx14m+7Ug=="
    },
    "simple-datatables": {
      "version": "3.2.0",
      "resolved": "https://registry.npmjs.org/simple-datatables/-/simple-datatables-3.2.0.tgz",
      "integrity": "sha512-lWwrH7SbTHp4SBQmvGty3NFzruzcbz/URUkkcwd8AdnZrQUtSitGwKeJ64qUVv2JXWP+RLOe1xpN8bW4Z6gjSQ==",
      "requires": {
        "dayjs": "^1.10.7"
      }
    }
  }
}
